// !$*UTF8*$!
{
	archiveVersion = 1;
	classes = {
	};
	objectVersion = 46;
	objects = {

/* Begin PBXBuildFile section */
		CC403D091DE7E53800912F9E /* main.m in Sources */ = {isa = PBXBuildFile; fileRef = CC403D081DE7E53800912F9E /* main.m */; };
		CC403D0C1DE7E53800912F9E /* AppDelegate.m in Sources */ = {isa = PBXBuildFile; fileRef = CC403D0B1DE7E53800912F9E /* AppDelegate.m */; };
		CC403D0F1DE7E53800912F9E /* ViewController.m in Sources */ = {isa = PBXBuildFile; fileRef = CC403D0E1DE7E53800912F9E /* ViewController.m */; };
		CC403D121DE7E53800912F9E /* Main.storyboard in Resources */ = {isa = PBXBuildFile; fileRef = CC403D101DE7E53800912F9E /* Main.storyboard */; };
		CC403D141DE7E53800912F9E /* Assets.xcassets in Resources */ = {isa = PBXBuildFile; fileRef = CC403D131DE7E53800912F9E /* Assets.xcassets */; };
		CC403D171DE7E53800912F9E /* LaunchScreen.storyboard in Resources */ = {isa = PBXBuildFile; fileRef = CC403D151DE7E53800912F9E /* LaunchScreen.storyboard */; };
		CC403D221DE7E53800912F9E /* TestCoCoPodsFiveTests.m in Sources */ = {isa = PBXBuildFile; fileRef = CC403D211DE7E53800912F9E /* TestCoCoPodsFiveTests.m */; };
		CC403D2D1DE7E53800912F9E /* TestCoCoPodsFiveUITests.m in Sources */ = {isa = PBXBuildFile; fileRef = CC403D2C1DE7E53800912F9E /* TestCoCoPodsFiveUITests.m */; };
/* End PBXBuildFile section */

/* Begin PBXContainerItemProxy section */
		CC403D1E1DE7E53800912F9E /* PBXContainerItemProxy */ = {
			isa = PBXContainerItemProxy;
			containerPortal = CC403CFC1DE7E53800912F9E /* Project object */;
			proxyType = 1;
			remoteGlobalIDString = CC403D031DE7E53800912F9E;
			remoteInfo = TestCoCoPodsFive;
		};
		CC403D291DE7E53800912F9E /* PBXContainerItemProxy */ = {
			isa = PBXContainerItemProxy;
			containerPortal = CC403CFC1DE7E53800912F9E /* Project object */;
			proxyType = 1;
			remoteGlobalIDString = CC403D031DE7E53800912F9E;
			remoteInfo = TestCoCoPodsFive;
		};
/* End PBXContainerItemProxy section */

/* Begin PBXFileReference section */
		CC403D041DE7E53800912F9E /* TestCoCoPodsFive.app */ = {isa = PBXFileReference; explicitFileType = wrapper.application; includeInIndex = 0; path = TestCoCoPodsFive.app; sourceTree = BUILT_PRODUCTS_DIR; };
		CC403D081DE7E53800912F9E /* main.m */ = {isa = PBXFileReference; lastKnownFileType = sourcecode.c.objc; path = main.m; sourceTree = "<group>"; };
		CC403D0A1DE7E53800912F9E /* AppDelegate.h */ = {isa = PBXFileReference; lastKnownFileType = sourcecode.c.h; path = AppDelegate.h; sourceTree = "<group>"; };
		CC403D0B1DE7E53800912F9E /* AppDelegate.m */ = {isa = PBXFileReference; lastKnownFileType = sourcecode.c.objc; path = AppDelegate.m; sourceTree = "<group>"; };
		CC403D0D1DE7E53800912F9E /* ViewController.h */ = {isa = PBXFileReference; lastKnownFileType = sourcecode.c.h; path = ViewController.h; sourceTree = "<group>"; };
		CC403D0E1DE7E53800912F9E /* ViewController.m */ = {isa = PBXFileReference; lastKnownFileType = sourcecode.c.objc; path = ViewController.m; sourceTree = "<group>"; };
		CC403D111DE7E53800912F9E /* Base */ = {isa = PBXFileReference; lastKnownFileType = file.storyboard; name = Base; path = Base.lproj/Main.storyboard; sourceTree = "<group>"; };
		CC403D131DE7E53800912F9E /* Assets.xcassets */ = {isa = PBXFileReference; lastKnownFileType = folder.assetcatalog; path = Assets.xcassets; sourceTree = "<group>"; };
		CC403D161DE7E53800912F9E /* Base */ = {isa = PBXFileReference; lastKnownFileType = file.storyboard; name = Base; path = Base.lproj/LaunchScreen.storyboard; sourceTree = "<group>"; };
		CC403D181DE7E53800912F9E /* Info.plist */ = {isa = PBXFileReference; lastKnownFileType = text.plist.xml; path = Info.plist; sourceTree = "<group>"; };
		CC403D1D1DE7E53800912F9E /* TestCoCoPodsFiveTests.xctest */ = {isa = PBXFileReference; explicitFileType = wrapper.cfbundle; includeInIndex = 0; path = TestCoCoPodsFiveTests.xctest; sourceTree = BUILT_PRODUCTS_DIR; };
		CC403D211DE7E53800912F9E /* TestCoCoPodsFiveTests.m */ = {isa = PBXFileReference; lastKnownFileType = sourcecode.c.objc; path = TestCoCoPodsFiveTests.m; sourceTree = "<group>"; };
		CC403D231DE7E53800912F9E /* Info.plist */ = {isa = PBXFileReference; lastKnownFileType = text.plist.xml; path = Info.plist; sourceTree = "<group>"; };
		CC403D281DE7E53800912F9E /* TestCoCoPodsFiveUITests.xctest */ = {isa = PBXFileReference; explicitFileType = wrapper.cfbundle; includeInIndex = 0; path = TestCoCoPodsFiveUITests.xctest; sourceTree = BUILT_PRODUCTS_DIR; };
		CC403D2C1DE7E53800912F9E /* TestCoCoPodsFiveUITests.m */ = {isa = PBXFileReference; lastKnownFileType = sourcecode.c.objc; path = TestCoCoPodsFiveUITests.m; sourceTree = "<group>"; };
		CC403D2E1DE7E53800912F9E /* Info.plist */ = {isa = PBXFileReference; lastKnownFileType = text.plist.xml; path = Info.plist; sourceTree = "<group>"; };
/* End PBXFileReference section */

/* Begin PBXFrameworksBuildPhase section */
		CC403D011DE7E53800912F9E /* Frameworks */ = {
			isa = PBXFrameworksBuildPhase;
			buildActionMask = 2147483647;
			files = (
			);
			runOnlyForDeploymentPostprocessing = 0;
		};
		CC403D1A1DE7E53800912F9E /* Frameworks */ = {
			isa = PBXFrameworksBuildPhase;
			buildActionMask = 2147483647;
			files = (
			);
			runOnlyForDeploymentPostprocessing = 0;
		};
		CC403D251DE7E53800912F9E /* Frameworks */ = {
			isa = PBXFrameworksBuildPhase;
			buildActionMask = 2147483647;
			files = (
			);
			runOnlyForDeploymentPostprocessing = 0;
		};
/* End PBXFrameworksBuildPhase section */

/* Begin PBXGroup section */
		CC403CFB1DE7E53800912F9E = {
			isa = PBXGroup;
			children = (
				CC403D061DE7E53800912F9E /* TestCoCoPodsFive */,
				CC403D201DE7E53800912F9E /* TestCoCoPodsFiveTests */,
				CC403D2B1DE7E53800912F9E /* TestCoCoPodsFiveUITests */,
				CC403D051DE7E53800912F9E /* Products */,
			);
			sourceTree = "<group>";
		};
		CC403D051DE7E53800912F9E /* Products */ = {
			isa = PBXGroup;
			children = (
				CC403D041DE7E53800912F9E /* TestCoCoPodsFive.app */,
				CC403D1D1DE7E53800912F9E /* TestCoCoPodsFiveTests.xctest */,
				CC403D281DE7E53800912F9E /* TestCoCoPodsFiveUITests.xctest */,
			);
			name = Products;
			sourceTree = "<group>";
		};
		CC403D061DE7E53800912F9E /* TestCoCoPodsFive */ = {
			isa = PBXGroup;
			children = (
				CC403D0A1DE7E53800912F9E /* AppDelegate.h */,
				CC403D0B1DE7E53800912F9E /* AppDelegate.m */,
				CC403D0D1DE7E53800912F9E /* ViewController.h */,
				CC403D0E1DE7E53800912F9E /* ViewController.m */,
				CC403D101DE7E53800912F9E /* Main.storyboard */,
				CC403D131DE7E53800912F9E /* Assets.xcassets */,
				CC403D151DE7E53800912F9E /* LaunchScreen.storyboard */,
				CC403D181DE7E53800912F9E /* Info.plist */,
				CC403D071DE7E53800912F9E /* Supporting Files */,
			);
			path = TestCoCoPodsFive;
			sourceTree = "<group>";
		};
		CC403D071DE7E53800912F9E /* Supporting Files */ = {
			isa = PBXGroup;
			children = (
				CC403D081DE7E53800912F9E /* main.m */,
			);
			name = "Supporting Files";
			sourceTree = "<group>";
		};
		CC403D201DE7E53800912F9E /* TestCoCoPodsFiveTests */ = {
			isa = PBXGroup;
			children = (
				CC403D211DE7E53800912F9E /* TestCoCoPodsFiveTests.m */,
				CC403D231DE7E53800912F9E /* Info.plist */,
			);
			path = TestCoCoPodsFiveTests;
			sourceTree = "<group>";
		};
		CC403D2B1DE7E53800912F9E /* TestCoCoPodsFiveUITests */ = {
			isa = PBXGroup;
			children = (
				CC403D2C1DE7E53800912F9E /* TestCoCoPodsFiveUITests.m */,
				CC403D2E1DE7E53800912F9E /* Info.plist */,
			);
			path = TestCoCoPodsFiveUITests;
			sourceTree = "<group>";
		};
/* End PBXGroup section */

/* Begin PBXNativeTarget section */
		CC403D031DE7E53800912F9E /* TestCoCoPodsFive */ = {
			isa = PBXNativeTarget;
			buildConfigurationList = CC403D311DE7E53800912F9E /* Build configuration list for PBXNativeTarget "TestCoCoPodsFive" */;
			buildPhases = (
				CC403D001DE7E53800912F9E /* Sources */,
				CC403D011DE7E53800912F9E /* Frameworks */,
				CC403D021DE7E53800912F9E /* Resources */,
			);
			buildRules = (
			);
			dependencies = (
			);
			name = TestCoCoPodsFive;
			productName = TestCoCoPodsFive;
			productReference = CC403D041DE7E53800912F9E /* TestCoCoPodsFive.app */;
			productType = "com.apple.product-type.application";
		};
		CC403D1C1DE7E53800912F9E /* TestCoCoPodsFiveTests */ = {
			isa = PBXNativeTarget;
			buildConfigurationList = CC403D341DE7E53800912F9E /* Build configuration list for PBXNativeTarget "TestCoCoPodsFiveTests" */;
			buildPhases = (
				CC403D191DE7E53800912F9E /* Sources */,
				CC403D1A1DE7E53800912F9E /* Frameworks */,
				CC403D1B1DE7E53800912F9E /* Resources */,
			);
			buildRules = (
			);
			dependencies = (
				CC403D1F1DE7E53800912F9E /* PBXTargetDependency */,
			);
			name = TestCoCoPodsFiveTests;
			productName = TestCoCoPodsFiveTests;
			productReference = CC403D1D1DE7E53800912F9E /* TestCoCoPodsFiveTests.xctest */;
			productType = "com.apple.product-type.bundle.unit-test";
		};
		CC403D271DE7E53800912F9E /* TestCoCoPodsFiveUITests */ = {
			isa = PBXNativeTarget;
			buildConfigurationList = CC403D371DE7E53800912F9E /* Build configuration list for PBXNativeTarget "TestCoCoPodsFiveUITests" */;
			buildPhases = (
				CC403D241DE7E53800912F9E /* Sources */,
				CC403D251DE7E53800912F9E /* Frameworks */,
				CC403D261DE7E53800912F9E /* Resources */,
			);
			buildRules = (
			);
			dependencies = (
				CC403D2A1DE7E53800912F9E /* PBXTargetDependency */,
			);
			name = TestCoCoPodsFiveUITests;
			productName = TestCoCoPodsFiveUITests;
			productReference = CC403D281DE7E53800912F9E /* TestCoCoPodsFiveUITests.xctest */;
			productType = "com.apple.product-type.bundle.ui-testing";
		};
/* End PBXNativeTarget section */

/* Begin PBXProject section */
		CC403CFC1DE7E53800912F9E /* Project object */ = {
			isa = PBXProject;
			attributes = {
				LastUpgradeCheck = 0810;
				ORGANIZATIONNAME = "Zhao,Peng(BNOPRD)";
				TargetAttributes = {
					CC403D031DE7E53800912F9E = {
						CreatedOnToolsVersion = 8.1;
						ProvisioningStyle = Automatic;
					};
					CC403D1C1DE7E53800912F9E = {
						CreatedOnToolsVersion = 8.1;
						ProvisioningStyle = Automatic;
						TestTargetID = CC403D031DE7E53800912F9E;
					};
					CC403D271DE7E53800912F9E = {
						CreatedOnToolsVersion = 8.1;
						ProvisioningStyle = Automatic;
						TestTargetID = CC403D031DE7E53800912F9E;
					};
				};
			};
			buildConfigurationList = CC403CFF1DE7E53800912F9E /* Build configuration list for PBXProject "TestCoCoPodsFive" */;
			compatibilityVersion = "Xcode 3.2";
			developmentRegion = English;
			hasScannedForEncodings = 0;
			knownRegions = (
				en,
				Base,
			);
			mainGroup = CC403CFB1DE7E53800912F9E;
			productRefGroup = CC403D051DE7E53800912F9E /* Products */;
			projectDirPath = "";
			projectRoot = "";
			targets = (
				CC403D031DE7E53800912F9E /* TestCoCoPodsFive */,
				CC403D1C1DE7E53800912F9E /* TestCoCoPodsFiveTests */,
				CC403D271DE7E53800912F9E /* TestCoCoPodsFiveUITests */,
			);
		};
/* End PBXProject section */

/* Begin PBXResourcesBuildPhase section */
		CC403D021DE7E53800912F9E /* Resources */ = {
			isa = PBXResourcesBuildPhase;
			buildActionMask = 2147483647;
			files = (
				CC403D171DE7E53800912F9E /* LaunchScreen.storyboard in Resources */,
				CC403D141DE7E53800912F9E /* Assets.xcassets in Resources */,
				CC403D121DE7E53800912F9E /* Main.storyboard in Resources */,
			);
			runOnlyForDeploymentPostprocessing = 0;
		};
		CC403D1B1DE7E53800912F9E /* Resources */ = {
			isa = PBXResourcesBuildPhase;
			buildActionMask = 2147483647;
			files = (
			);
			runOnlyForDeploymentPostprocessing = 0;
		};
		CC403D261DE7E53800912F9E /* Resources */ = {
			isa = PBXResourcesBuildPhase;
			buildActionMask = 2147483647;
			files = (
			);
			runOnlyForDeploymentPostprocessing = 0;
		};
/* End PBXResourcesBuildPhase section */

/* Begin PBXSourcesBuildPhase section */
		CC403D001DE7E53800912F9E /* Sources */ = {
			isa = PBXSourcesBuildPhase;
			buildActionMask = 2147483647;
			files = (
				CC403D0F1DE7E53800912F9E /* ViewController.m in Sources */,
				CC403D0C1DE7E53800912F9E /* AppDelegate.m in Sources */,
				CC403D091DE7E53800912F9E /* main.m in Sources */,
			);
			runOnlyForDeploymentPostprocessing = 0;
		};
		CC403D191DE7E53800912F9E /* Sources */ = {
			isa = PBXSourcesBuildPhase;
			buildActionMask = 2147483647;
			files = (
				CC403D221DE7E53800912F9E /* TestCoCoPodsFiveTests.m in Sources */,
			);
			runOnlyForDeploymentPostprocessing = 0;
		};
		CC403D241DE7E53800912F9E /* Sources */ = {
			isa = PBXSourcesBuildPhase;
			buildActionMask = 2147483647;
			files = (
				CC403D2D1DE7E53800912F9E /* TestCoCoPodsFiveUITests.m in Sources */,
			);
			runOnlyForDeploymentPostprocessing = 0;
		};
/* End PBXSourcesBuildPhase section */

/* Begin PBXTargetDependency section */
		CC403D1F1DE7E53800912F9E /* PBXTargetDependency */ = {
			isa = PBXTargetDependency;
			target = CC403D031DE7E53800912F9E /* TestCoCoPodsFive */;
			targetProxy = CC403D1E1DE7E53800912F9E /* PBXContainerItemProxy */;
		};
		CC403D2A1DE7E53800912F9E /* PBXTargetDependency */ = {
			isa = PBXTargetDependency;
			target = CC403D031DE7E53800912F9E /* TestCoCoPodsFive */;
			targetProxy = CC403D291DE7E53800912F9E /* PBXContainerItemProxy */;
		};
/* End PBXTargetDependency section */

/* Begin PBXVariantGroup section */
		CC403D101DE7E53800912F9E /* Main.storyboard */ = {
			isa = PBXVariantGroup;
			children = (
				CC403D111DE7E53800912F9E /* Base */,
			);
			name = Main.storyboard;
			sourceTree = "<group>";
		};
		CC403D151DE7E53800912F9E /* LaunchScreen.storyboard */ = {
			isa = PBXVariantGroup;
			children = (
				CC403D161DE7E53800912F9E /* Base */,
			);
			name = LaunchScreen.storyboard;
			sourceTree = "<group>";
		};
/* End PBXVariantGroup section */

/* Begin XCBuildConfiguration section */
		CC403D2F1DE7E53800912F9E /* Debug */ = {
			isa = XCBuildConfiguration;
			buildSettings = {
				ALWAYS_SEARCH_USER_PATHS = NO;
				CLANG_ANALYZER_NONNULL = YES;
				CLANG_CXX_LANGUAGE_STANDARD = "gnu++0x";
				CLANG_CXX_LIBRARY = "libc++";
				CLANG_ENABLE_MODULES = YES;
				CLANG_ENABLE_OBJC_ARC = YES;
				CLANG_WARN_BOOL_CONVERSION = YES;
				CLANG_WARN_CONSTANT_CONVERSION = YES;
				CLANG_WARN_DIRECT_OBJC_ISA_USAGE = YES_ERROR;
				CLANG_WARN_DOCUMENTATION_COMMENTS = YES;
				CLANG_WARN_EMPTY_BODY = YES;
				CLANG_WARN_ENUM_CONVERSION = YES;
				CLANG_WARN_INFINITE_RECURSION = YES;
				CLANG_WARN_INT_CONVERSION = YES;
				CLANG_WARN_OBJC_ROOT_CLASS = YES_ERROR;
				CLANG_WARN_SUSPICIOUS_MOVES = YES;
				CLANG_WARN_UNREACHABLE_CODE = YES;
				CLANG_WARN__DUPLICATE_METHOD_MATCH = YES;
				"CODE_SIGN_IDENTITY[sdk=iphoneos*]" = "iPhone Developer";
				COPY_PHASE_STRIP = NO;
				DEBUG_INFORMATION_FORMAT = dwarf;
				ENABLE_STRICT_OBJC_MSGSEND = YES;
				ENABLE_TESTABILITY = YES;
				GCC_C_LANGUAGE_STANDARD = gnu99;
				GCC_DYNAMIC_NO_PIC = NO;
				GCC_NO_COMMON_BLOCKS = YES;
				GCC_OPTIMIZATION_LEVEL = 0;
				GCC_PREPROCESSOR_DEFINITIONS = (
					"DEBUG=1",
					"$(inherited)",
				);
				GCC_WARN_64_TO_32_BIT_CONVERSION = YES;
				GCC_WARN_ABOUT_RETURN_TYPE = YES_ERROR;
				GCC_WARN_UNDECLARED_SELECTOR = YES;
				GCC_WARN_UNINITIALIZED_AUTOS = YES_AGGRESSIVE;
				GCC_WARN_UNUSED_FUNCTION = YES;
				GCC_WARN_UNUSED_VARIABLE = YES;
				IPHONEOS_DEPLOYMENT_TARGET = 10.1;
				MTL_ENABLE_DEBUG_INFO = YES;
				ONLY_ACTIVE_ARCH = YES;
				SDKROOT = iphoneos;
				TARGETED_DEVICE_FAMILY = "1,2";
			};
			name = Debug;
		};
		CC403D301DE7E53800912F9E /* Release */ = {
			isa = XCBuildConfiguration;
			buildSettings = {
				ALWAYS_SEARCH_USER_PATHS = NO;
				CLANG_ANALYZER_NONNULL = YES;
				CLANG_CXX_LANGUAGE_STANDARD = "gnu++0x";
				CLANG_CXX_LIBRARY = "libc++";
				CLANG_ENABLE_MODULES = YES;
				CLANG_ENABLE_OBJC_ARC = YES;
				CLANG_WARN_BOOL_CONVERSION = YES;
				CLANG_WARN_CONSTANT_CONVERSION = YES;
				CLANG_WARN_DIRECT_OBJC_ISA_USAGE = YES_ERROR;
				CLANG_WARN_DOCUMENTATION_COMMENTS = YES;
				CLANG_WARN_EMPTY_BODY = YES;
				CLANG_WARN_ENUM_CONVERSION = YES;
				CLANG_WARN_INFINITE_RECURSION = YES;
				CLANG_WARN_INT_CONVERSION = YES;
				CLANG_WARN_OBJC_ROOT_CLASS = YES_ERROR;
				CLANG_WARN_SUSPICIOUS_MOVES = YES;
				CLANG_WARN_UNREACHABLE_CODE = YES;
				CLANG_WARN__DUPLICATE_METHOD_MATCH = YES;
				"CODE_SIGN_IDENTITY[sdk=iphoneos*]" = "iPhone Developer";
				COPY_PHASE_STRIP = NO;
				DEBUG_INFORMATION_FORMAT = "dwarf-with-dsym";
				ENABLE_NS_ASSERTIONS = NO;
				ENABLE_STRICT_OBJC_MSGSEND = YES;
				GCC_C_LANGUAGE_STANDARD = gnu99;
				GCC_NO_COMMON_BLOCKS = YES;
				GCC_WARN_64_TO_32_BIT_CONVERSION = YES;
				GCC_WARN_ABOUT_RETURN_TYPE = YES_ERROR;
				GCC_WARN_UNDECLARED_SELECTOR = YES;
				GCC_WARN_UNINITIALIZED_AUTOS = YES_AGGRESSIVE;
				GCC_WARN_UNUSED_FUNCTION = YES;
				GCC_WARN_UNUSED_VARIABLE = YES;
				IPHONEOS_DEPLOYMENT_TARGET = 10.1;
				MTL_ENABLE_DEBUG_INFO = NO;
				SDKROOT = iphoneos;
				TARGETED_DEVICE_FAMILY = "1,2";
				VALIDATE_PRODUCT = YES;
			};
			name = Release;
		};
		CC403D321DE7E53800912F9E /* Debug */ = {
			isa = XCBuildConfiguration;
			buildSettings = {
				ASSETCATALOG_COMPILER_APPICON_NAME = AppIcon;
				INFOPLIST_FILE = TestCoCoPodsFive/Info.plist;
				LD_RUNPATH_SEARCH_PATHS = "$(inherited) @executable_path/Frameworks";
				PRODUCT_BUNDLE_IDENTIFIER = com.baidu.zhaopeng.TestCoCoPodsFive;
				PRODUCT_NAME = "$(TARGET_NAME)";
			};
			name = Debug;
		};
		CC403D331DE7E53800912F9E /* Release */ = {
			isa = XCBuildConfiguration;
			buildSettings = {
				ASSETCATALOG_COMPILER_APPICON_NAME = AppIcon;
				INFOPLIST_FILE = TestCoCoPodsFive/Info.plist;
				LD_RUNPATH_SEARCH_PATHS = "$(inherited) @executable_path/Frameworks";
				PRODUCT_BUNDLE_IDENTIFIER = com.baidu.zhaopeng.TestCoCoPodsFive;
				PRODUCT_NAME = "$(TARGET_NAME)";
			};
			name = Release;
		};
		CC403D351DE7E53800912F9E /* Debug */ = {
			isa = XCBuildConfiguration;
			buildSettings = {
				BUNDLE_LOADER = "$(TEST_HOST)";
				INFOPLIST_FILE = TestCoCoPodsFiveTests/Info.plist;
				LD_RUNPATH_SEARCH_PATHS = "$(inherited) @executable_path/Frameworks @loader_path/Frameworks";
				PRODUCT_BUNDLE_IDENTIFIER = com.baidu.zhaopeng.TestCoCoPodsFiveTests;
				PRODUCT_NAME = "$(TARGET_NAME)";
				TEST_HOST = "$(BUILT_PRODUCTS_DIR)/TestCoCoPodsFive.app/TestCoCoPodsFive";
			};
			name = Debug;
		};
		CC403D361DE7E53800912F9E /* Release */ = {
			isa = XCBuildConfiguration;
			buildSettings = {
				BUNDLE_LOADER = "$(TEST_HOST)";
				INFOPLIST_FILE = TestCoCoPodsFiveTests/Info.plist;
				LD_RUNPATH_SEARCH_PATHS = "$(inherited) @executable_path/Frameworks @loader_path/Frameworks";
				PRODUCT_BUNDLE_IDENTIFIER = com.baidu.zhaopeng.TestCoCoPodsFiveTests;
				PRODUCT_NAME = "$(TARGET_NAME)";
				TEST_HOST = "$(BUILT_PRODUCTS_DIR)/TestCoCoPodsFive.app/TestCoCoPodsFive";
			};
			name = Release;
		};
		CC403D381DE7E53800912F9E /* Debug */ = {
			isa = XCBuildConfiguration;
			buildSettings = {
				INFOPLIST_FILE = TestCoCoPodsFiveUITests/Info.plist;
				LD_RUNPATH_SEARCH_PATHS = "$(inherited) @executable_path/Frameworks @loader_path/Frameworks";
				PRODUCT_BUNDLE_IDENTIFIER = com.baidu.zhaopeng.TestCoCoPodsFiveUITests;
				PRODUCT_NAME = "$(TARGET_NAME)";
				TEST_TARGET_NAME = TestCoCoPodsFive;
			};
			name = Debug;
		};
		CC403D391DE7E53800912F9E /* Release */ = {
			isa = XCBuildConfiguration;
			buildSettings = {
				INFOPLIST_FILE = TestCoCoPodsFiveUITests/Info.plist;
				LD_RUNPATH_SEARCH_PATHS = "$(inherited) @executable_path/Frameworks @loader_path/Frameworks";
				PRODUCT_BUNDLE_IDENTIFIER = com.baidu.zhaopeng.TestCoCoPodsFiveUITests;
				PRODUCT_NAME = "$(TARGET_NAME)";
				TEST_TARGET_NAME = TestCoCoPodsFive;
			};
			name = Release;
		};
/* End XCBuildConfiguration section */

/* Begin XCConfigurationList section */
		CC403CFF1DE7E53800912F9E /* Build configuration list for PBXProject "TestCoCoPodsFive" */ = {
			isa = XCConfigurationList;
			buildConfigurations = (
				CC403D2F1DE7E53800912F9E /* Debug */,
				CC403D301DE7E53800912F9E /* Release */,
			);
			defaultConfigurationIsVisible = 0;
			defaultConfigurationName = Release;
		};
		CC403D311DE7E53800912F9E /* Build configuration list for PBXNativeTarget "TestCoCoPodsFive" */ = {
			isa = XCConfigurationList;
			buildConfigurations = (
				CC403D321DE7E53800912F9E /* Debug */,
				CC403D331DE7E53800912F9E /* Release */,
			);
			defaultConfigurationIsVisible = 0;
		};
		CC403D341DE7E53800912F9E /* Build configuration list for PBXNativeTarget "TestCoCoPodsFiveTests" */ = {
			isa = XCConfigurationList;
			buildConfigurations = (
				CC403D351DE7E53800912F9E /* Debug */,
				CC403D361DE7E53800912F9E /* Release */,
			);
			defaultConfigurationIsVisible = 0;
		};
		CC403D371DE7E53800912F9E /* Build configuration list for PBXNativeTarget "TestCoCoPodsFiveUITests" */ = {
			isa = XCConfigurationList;
			buildConfigurations = (
				CC403D381DE7E53800912F9E /* Debug */,
				CC403D391DE7E53800912F9E /* Release */,
			);
			defaultConfigurationIsVisible = 0;
		};
/* End XCConfigurationList section */
	};
	rootObject = CC403CFC1DE7E53800912F9E /* Project object */;
}
